
Microsoft Visual Studio Solution File, Format Version 12.00
# Visual Studio Version 16
VisualStudioVersion = 16.0.29424.173
MinimumVisualStudioVersion = 10.0.40219.1
Project("{FAE04EC0-301F-11D3-BF4B-00C04F79EFBC}") = "Magneto", "Magneto.csproj", "{A019C238-BA14-4E1F-8FBC-914393E73FE8}"
EndProject
Project("{54435603-DBB4-11D2-8724-00A0C9A8B90C}") = "MagnetoSetup", "..\MagnetoSetup\MagnetoSetup.vdproj", "{15FEA25F-8F54-4DD3-A452-43B0EA5FA89B}"
EndProject
Global
	GlobalSection(SolutionConfigurationPlatforms) = preSolution
		Debug|Any CPU = Debug|Any CPU
		Release|Any CPU = Release|Any CPU
	EndGlobalSection
	GlobalSection(ProjectConfigurationPlatforms) = postSolution
		{A019C238-BA14-4E1F-8FBC-914393E73FE8}.Debug|Any CPU.ActiveCfg = Debug|Any CPU
		{A019C238-BA14-4E1F-8FBC-914393E73FE8}.Debug|Any CPU.Build.0 = Debug|Any CPU
		{A019C238-BA14-4E1F-8FBC-914393E73FE8}.Release|Any CPU.ActiveCfg = Release|Any CPU
		{A019C238-BA14-4E1F-8FBC-914393E73FE8}.Release|Any CPU.Build.0 = Release|Any CPU
		{15FEA25F-8F54-4DD3-A452-43B0EA5FA89B}.Debug|Any CPU.ActiveCfg = Debug
		{15FEA25F-8F54-4DD3-A452-43B0EA5FA89B}.Release|Any CPU.ActiveCfg = Release
	EndGlobalSection
	GlobalSection(SolutionProperties) = preSolution
		HideSolutionNode = FALSE
	EndGlobalSection
	GlobalSection(ExtensibilityGlobals) = postSolution
		SolutionGuid = {34948A50-18D6-4028-8EAF-A3024CEA9188}
	EndGlobalSection
EndGlobal
